{
  "lockfileVersion": 1,
  "configVersion": 1,
  "workspaces": {
    "": {
      "name": "offline-sync-bench-syncular-app",
      "dependencies": {
        "@syncular/server": "^0.0.6-185",
        "@syncular/server-dialect-postgres": "^0.0.6-185",
        "@syncular/server-hono": "^0.0.6-185",
        "hono": "^4.12.5",
        "kysely": "^0.28.11",
        "pg": "^8.20.0",
        "zod": "^4.3.6",
      },
      "devDependencies": {
        "@types/bun": "^1.3.10",
        "@types/pg": "^8.18.0",
        "typescript": "^5.9.3",
      },
    },
  },
  "packages": {
    "@babel/runtime": ["@babel/runtime@7.28.6", "", {}, "sha512-05WQkdpL9COIMz4LjTxGpPNCdlpyimKppYNoJ5Di5EUObifl8t4tuLuUBBZEpoLYOmfvIWrsp9fCl0HoPRVTdA=="],

    "@base-ui/react": ["@base-ui/react@1.2.0", "", { "dependencies": { "@babel/runtime": "^7.28.6", "@base-ui/utils": "0.2.5", "@floating-ui/react-dom": "^2.1.6", "@floating-ui/utils": "^0.2.10", "tabbable": "^6.4.0", "use-sync-external-store": "^1.6.0" }, "peerDependencies": { "@types/react": "^17 || ^18 || ^19", "react": "^17 || ^18 || ^19", "react-dom": "^17 || ^18 || ^19" }, "optionalPeers": ["@types/react"] }, "sha512-O6aEQHcm+QyGTFY28xuwRD3SEJGZOBDpyjN2WvpfWYFVhg+3zfXPysAILqtM0C1kWC82MccOE/v1j+GHXE4qIw=="],

    "@base-ui/utils": ["@base-ui/utils@0.2.5", "", { "dependencies": { "@babel/runtime": "^7.28.6", "@floating-ui/utils": "^0.2.10", "reselect": "^5.1.1", "use-sync-external-store": "^1.6.0" }, "peerDependencies": { "@types/react": "^17 || ^18 || ^19", "react": "^17 || ^18 || ^19", "react-dom": "^17 || ^18 || ^19" }, "optionalPeers": ["@types/react"] }, "sha512-oYC7w0gp76RI5MxprlGLV0wze0SErZaRl3AAkeP3OnNB/UBMb6RqNf6ZSIlxOc9Qp68Ab3C2VOcJQyRs7Xc7Vw=="],

    "@floating-ui/core": ["@floating-ui/core@1.7.5", "", { "dependencies": { "@floating-ui/utils": "^0.2.11" } }, "sha512-1Ih4WTWyw0+lKyFMcBHGbb5U5FtuHJuujoyyr5zTaWS5EYMeT6Jb2AuDeftsCsEuchO+mM2ij5+q9crhydzLhQ=="],

    "@floating-ui/dom": ["@floating-ui/dom@1.7.6", "", { "dependencies": { "@floating-ui/core": "^1.7.5", "@floating-ui/utils": "^0.2.11" } }, "sha512-9gZSAI5XM36880PPMm//9dfiEngYoC6Am2izES1FF406YFsjvyBMmeJ2g4SAju3xWwtuynNRFL2s9hgxpLI5SQ=="],

    "@floating-ui/react-dom": ["@floating-ui/react-dom@2.1.8", "", { "dependencies": { "@floating-ui/dom": "^1.7.6" }, "peerDependencies": { "react": ">=16.8.0", "react-dom": ">=16.8.0" } }, "sha512-cC52bHwM/n/CxS87FH0yWdngEZrjdtLW/qVruo68qg+prK7ZQ4YGdut2GyDVpoGeAYe/h899rVeOVm6Oi40k2A=="],

    "@floating-ui/utils": ["@floating-ui/utils@0.2.11", "", {}, "sha512-RiB/yIh78pcIxl6lLMG0CgBXAZ2Y0eVHqMPYugu+9U0AeT6YBeiJpf7lbdJNIugFP5SIjwNRgo4DhR1Qxi26Gg=="],

    "@hono/standard-validator": ["@hono/standard-validator@0.2.2", "", { "peerDependencies": { "@standard-schema/spec": "^1.0.0", "hono": ">=3.9.0" } }, "sha512-mJ7W84Bt/rSvoIl63Ynew+UZOHAzzRAoAXb3JaWuxAkM/Lzg+ZHTCUiz77KOtn2e623WNN8LkD57Dk0szqUrIw=="],

    "@noble/hashes": ["@noble/hashes@2.0.1", "", {}, "sha512-XlOlEbQcE9fmuXxrVTXCTlG2nlRXa9Rj3rr5Ue/+tX+nmkgbX720YHh0VR3hBF9xDvwnb8D2shVGOwNx+ulArw=="],

    "@opentelemetry/api": ["@opentelemetry/api@1.9.0", "", {}, "sha512-3giAOQvZiH5F9bMlMiv8+GSPMeqg0dbaeo58/0SlA9sxSqZhnUtxzX9/2FzyhS9sWQf5S0GJE0AKBrFqjpeYcg=="],

    "@reduxjs/toolkit": ["@reduxjs/toolkit@2.11.2", "", { "dependencies": { "@standard-schema/spec": "^1.0.0", "@standard-schema/utils": "^0.3.0", "immer": "^11.0.0", "redux": "^5.0.1", "redux-thunk": "^3.1.0", "reselect": "^5.1.0" }, "peerDependencies": { "react": "^16.9.0 || ^17.0.0 || ^18 || ^19", "react-redux": "^7.2.1 || ^8.1.3 || ^9.0.0" }, "optionalPeers": ["react", "react-redux"] }, "sha512-Kd6kAHTA6/nUpp8mySPqj3en3dm0tdMIgbttnQ1xFMVpufoj+ADi8pXLBsd4xzTRHQa7t/Jv8W5UnCuW4kuWMQ=="],

    "@sentry-internal/browser-utils": ["@sentry-internal/browser-utils@10.42.0", "", { "dependencies": { "@sentry/core": "10.42.0" } }, "sha512-HCEICKvepxN4/6NYfnMMMlppcSwIEwtS66X6d1/mwaHdi2ivw0uGl52p7Nfhda/lIJArbrkWprxl0WcjZajhQA=="],

    "@sentry-internal/feedback": ["@sentry-internal/feedback@10.42.0", "", { "dependencies": { "@sentry/core": "10.42.0" } }, "sha512-lpPcHsog10MVYFTWE0Pf8vQRqQWwZHJpkVl2FEb9/HDdHFyTBUhCVoWo1KyKaG7GJl9AVKMAg7bp9SSNArhFNQ=="],

    "@sentry-internal/replay": ["@sentry-internal/replay@10.42.0", "", { "dependencies": { "@sentry-internal/browser-utils": "10.42.0", "@sentry/core": "10.42.0" } }, "sha512-Zh3EoaH39x2lqVY1YyVB2vJEyCIrT+YLUQxYl1yvP0MJgLxaR6akVjkgxbSUJahan4cX5DxpZiEHfzdlWnYPyQ=="],

    "@sentry-internal/replay-canvas": ["@sentry-internal/replay-canvas@10.42.0", "", { "dependencies": { "@sentry-internal/replay": "10.42.0", "@sentry/core": "10.42.0" } }, "sha512-am3m1Fj8ihoPfoYo41Qq4KeCAAICn4bySso8Oepu9dMNe9Lcnsf+reMRS2qxTPg3pZDc4JEMOcLyNCcgnAfrHw=="],

    "@sentry/browser": ["@sentry/browser@10.42.0", "", { "dependencies": { "@sentry-internal/browser-utils": "10.42.0", "@sentry-internal/feedback": "10.42.0", "@sentry-internal/replay": "10.42.0", "@sentry-internal/replay-canvas": "10.42.0", "@sentry/core": "10.42.0" } }, "sha512-iXxYjXNEBwY1MH4lDSDZZUNjzPJDK7/YLwVIJq/3iBYpIQVIhaJsoJnf3clx9+NfJ8QFKyKfcvgae61zm+hgTA=="],

    "@sentry/cloudflare": ["@sentry/cloudflare@10.42.0", "", { "dependencies": { "@opentelemetry/api": "^1.9.0", "@sentry/core": "10.42.0" }, "peerDependencies": { "@cloudflare/workers-types": "^4.x" }, "optionalPeers": ["@cloudflare/workers-types"] }, "sha512-EfovCbS4Xi8+epXilN6CzplxPzk+GxJZq574LaW8HJhIRnkF8/qfJ3iuh966EgKGCnVMF7c9EQsnfgcRKe8dog=="],

    "@sentry/core": ["@sentry/core@10.42.0", "", {}, "sha512-L4rMrXMqUKBanpjpMT+TuAVk6xAijz6AWM6RiEYpohAr7SGcCEc1/T0+Ep1eLV8+pwWacfU27OvELIyNeOnGzA=="],

    "@sentry/react": ["@sentry/react@10.42.0", "", { "dependencies": { "@sentry/browser": "10.42.0", "@sentry/core": "10.42.0" }, "peerDependencies": { "react": "^16.14.0 || 17.x || 18.x || 19.x" } }, "sha512-uigyz6E3yPjjqIZpkGzRChww6gzMmqdCpK30M5aBYoaen29DDmSECHYA16sfgXeSwzQhnXyX7GxgOB+eKIr9dw=="],

    "@standard-community/standard-json": ["@standard-community/standard-json@0.3.5", "", { "peerDependencies": { "@standard-schema/spec": "^1.0.0", "@types/json-schema": "^7.0.15", "@valibot/to-json-schema": "^1.3.0", "arktype": "^2.1.20", "effect": "^3.16.8", "quansync": "^0.2.11", "sury": "^10.0.0", "typebox": "^1.0.17", "valibot": "^1.1.0", "zod": "^3.25.0 || ^4.0.0", "zod-to-json-schema": "^3.24.5" }, "optionalPeers": ["@valibot/to-json-schema", "arktype", "effect", "sury", "typebox", "valibot", "zod", "zod-to-json-schema"] }, "sha512-4+ZPorwDRt47i+O7RjyuaxHRK/37QY/LmgxlGrRrSTLYoFatEOzvqIc85GTlM18SFZ5E91C+v0o/M37wZPpUHA=="],

    "@standard-community/standard-openapi": ["@standard-community/standard-openapi@0.2.9", "", { "peerDependencies": { "@standard-community/standard-json": "^0.3.5", "@standard-schema/spec": "^1.0.0", "arktype": "^2.1.20", "effect": "^3.17.14", "openapi-types": "^12.1.3", "sury": "^10.0.0", "typebox": "^1.0.0", "valibot": "^1.1.0", "zod": "^3.25.0 || ^4.0.0", "zod-openapi": "^4" }, "optionalPeers": ["arktype", "effect", "sury", "typebox", "valibot", "zod", "zod-openapi"] }, "sha512-htj+yldvN1XncyZi4rehbf9kLbu8os2Ke/rfqoZHCMHuw34kiF3LP/yQPdA0tQ940y8nDq3Iou8R3wG+AGGyvg=="],

    "@standard-schema/spec": ["@standard-schema/spec@1.1.0", "", {}, "sha512-l2aFy5jALhniG5HgqrD6jXLi/rUWrKvqN/qJx6yoJsgKhblVd+iqqU4RCXavm/jPityDo5TCvKMnpjKnOriy0w=="],

    "@standard-schema/utils": ["@standard-schema/utils@0.3.0", "", {}, "sha512-e7Mew686owMaPJVNNLs55PUvgz371nKgwsc4vxE49zsODpJEnxgxRo2y/OKrqueavXgZNMDVj3DdHFlaSAeU8g=="],

    "@syncular/console": ["@syncular/console@0.0.6-185", "", { "dependencies": { "@syncular/observability-sentry": "0.0.6-185", "@syncular/transport-http": "0.0.6-185", "@syncular/ui": "0.0.6-185", "@tanstack/react-query": "^5.90.21", "@tanstack/react-router": "^1.163.2", "lucide-react": "^0.575.0" }, "peerDependencies": { "react": "^19.0.0", "react-dom": "^19.0.0" } }, "sha512-MUUdFxh6Zcv9lGmHTbvLjZgokOw4qd/u85ln/YdoQpe5BYWZV0TD60JCZBa9uwBfHFFg7cFwV1l4pt6qZItL/Q=="],

    "@syncular/core": ["@syncular/core@0.0.6-185", "", { "peerDependencies": { "kysely": "^0.28.0", "zod": "^4.0.0" } }, "sha512-l0iD94Ob9fb+CL387FCmqi8ZyTH5IqSzVBVT+UbeSOOfXLyLmiGiSRP2aLtN5L3Bj+8lu/hH5kCSGiTROkUu2w=="],

    "@syncular/observability-sentry": ["@syncular/observability-sentry@0.0.6-185", "", { "dependencies": { "@sentry/cloudflare": "^10.40.0", "@sentry/react": "^10.40.0", "@syncular/core": "0.0.6-185" } }, "sha512-SLJ/YDvnmaX6wCKU1mD2UzWb9dL0a3wRZmIyX9yQpsu5OaOZeW2wgan9LL45uEny+7kVV1AeOo5KOT/9cS8igw=="],

    "@syncular/server": ["@syncular/server@0.0.6-185", "", { "dependencies": { "@syncular/core": "0.0.6-185" }, "peerDependencies": { "kysely": "^0.28.0", "zod": "^4.0.0" } }, "sha512-bwiaqKW+n7oQbb8WKzC2wom3ZhYB43RL42AEyNg7RmdoK891BvodkEJ6+YYykEljTni05byB1OlQBMb3iY/U5w=="],

    "@syncular/server-dialect-postgres": ["@syncular/server-dialect-postgres@0.0.6-185", "", { "dependencies": { "@syncular/core": "0.0.6-185", "@syncular/server": "0.0.6-185" }, "peerDependencies": { "kysely": "^0.28.0" } }, "sha512-nuk/yKQKsHHxYMEXOs8erT3AUqOeQYEUsZvUq/aH0wC5erZg4Uc3OWqLpg+MdXRtcczjrTVmIFZbaSUFBrge8A=="],

    "@syncular/server-hono": ["@syncular/server-hono@0.0.6-185", "", { "dependencies": { "@hono/standard-validator": "^0.2.2", "@noble/hashes": "^2.0.1", "@standard-community/standard-json": "^0.3.5", "@standard-community/standard-openapi": "^0.2.9", "@syncular/console": "0.0.6-185", "@syncular/core": "0.0.6-185", "@syncular/server": "0.0.6-185", "@types/json-schema": "^7.0.15", "hono-openapi": "^1.2.0", "openapi-types": "^12.1.3" }, "peerDependencies": { "hono": "^4.0.0", "kysely": "^0.28.0", "zod": "^4.0.0" } }, "sha512-svWZCyM0CTmQ3zJpu2OEEOVUtH5JzZkVsD/sTA749RAWiYR9tw3NbVnWEuVHNT7YJivdY1EXG6ZMhG2TM8mg7Q=="],

    "@syncular/transport-http": ["@syncular/transport-http@0.0.6-185", "", { "dependencies": { "@syncular/core": "0.0.6-185", "openapi-fetch": "^0.17.0" } }, "sha512-tFMcT2CEiHp0IyAeJ2K9P9JqA3QpGXG/Y+KNuHDPZ1BAX9Cyb9ookvQ7WEQlW67zjz//LF30iRyg9GGHCzWDBw=="],

    "@syncular/ui": ["@syncular/ui@0.0.6-185", "", { "dependencies": { "@base-ui/react": "^1.2.0", "class-variance-authority": "^0.7.1", "clsx": "^2.1.1", "lucide-react": "^0.575.0", "recharts": "^3.7.0", "tailwind-merge": "^3.5.0", "tailwindcss": "^4.2.1" }, "peerDependencies": { "react": "^19.0.0", "react-dom": "^19.0.0" } }, "sha512-hBsJ4P6jo07rvc0EHua9b/5T0JUypYfK9jXBuXRrJ3lHAKnW/SH9bBEDx0Kr6nJqljt9HU8LextT4pntiVTE9g=="],

    "@tanstack/history": ["@tanstack/history@1.161.4", "", {}, "sha512-Kp/WSt411ZWYvgXy6uiv5RmhHrz9cAml05AQPrtdAp7eUqvIDbMGPnML25OKbzR3RJ1q4wgENxDTvlGPa9+Mww=="],

    "@tanstack/query-core": ["@tanstack/query-core@5.90.20", "", {}, "sha512-OMD2HLpNouXEfZJWcKeVKUgQ5n+n3A2JFmBaScpNDUqSrQSjiveC7dKMe53uJUg1nDG16ttFPz2xfilz6i2uVg=="],

    "@tanstack/react-query": ["@tanstack/react-query@5.90.21", "", { "dependencies": { "@tanstack/query-core": "5.90.20" }, "peerDependencies": { "react": "^18 || ^19" } }, "sha512-0Lu6y5t+tvlTJMTO7oh5NSpJfpg/5D41LlThfepTixPYkJ0sE2Jj0m0f6yYqujBwIXlId87e234+MxG3D3g7kg=="],

    "@tanstack/react-router": ["@tanstack/react-router@1.166.2", "", { "dependencies": { "@tanstack/history": "1.161.4", "@tanstack/react-store": "^0.9.1", "@tanstack/router-core": "1.166.2", "isbot": "^5.1.22", "tiny-invariant": "^1.3.3", "tiny-warning": "^1.0.3" }, "peerDependencies": { "react": ">=18.0.0 || >=19.0.0", "react-dom": ">=18.0.0 || >=19.0.0" } }, "sha512-pKhUtrvVLlhjWhsHkJSuIzh1J4LcP+8ErbIqRLORX9Js8dUFMKoT0+8oFpi+P8QRpuhm/7rzjYiWfcyTsqQZtA=="],

    "@tanstack/react-store": ["@tanstack/react-store@0.9.1", "", { "dependencies": { "@tanstack/store": "0.9.1", "use-sync-external-store": "^1.6.0" }, "peerDependencies": { "react": "^16.8.0 || ^17.0.0 || ^18.0.0 || ^19.0.0", "react-dom": "^16.8.0 || ^17.0.0 || ^18.0.0 || ^19.0.0" } }, "sha512-YzJLnRvy5lIEFTLWBAZmcOjK3+2AepnBv/sr6NZmiqJvq7zTQggyK99Gw8fqYdMdHPQWXjz0epFKJXC+9V2xDA=="],

    "@tanstack/router-core": ["@tanstack/router-core@1.166.2", "", { "dependencies": { "@tanstack/history": "1.161.4", "@tanstack/store": "^0.9.1", "cookie-es": "^2.0.0", "seroval": "^1.4.2", "seroval-plugins": "^1.4.2", "tiny-invariant": "^1.3.3", "tiny-warning": "^1.0.3" } }, "sha512-zn3NhENOAX9ToQiX077UV2OH3aJKOvV2ZMNZZxZ3gDG3i3WqL8NfWfEgetEAfMN37/Mnt90PpotYgf7IyuoKqQ=="],

    "@tanstack/store": ["@tanstack/store@0.9.1", "", {}, "sha512-+qcNkOy0N1qSGsP7omVCW0SDrXtaDcycPqBDE726yryiA5eTDFpjBReaYjghVJwNf1pcPMyzIwTGlYjCSQR0Fg=="],

    "@types/bun": ["@types/bun@1.3.10", "", { "dependencies": { "bun-types": "1.3.10" } }, "sha512-0+rlrUrOrTSskibryHbvQkDOWRJwJZqZlxrUs1u4oOoTln8+WIXBPmAuCF35SWB2z4Zl3E84Nl/D0P7803nigQ=="],

    "@types/d3-array": ["@types/d3-array@3.2.2", "", {}, "sha512-hOLWVbm7uRza0BYXpIIW5pxfrKe0W+D5lrFiAEYR+pb6w3N2SwSMaJbXdUfSEv+dT4MfHBLtn5js0LAWaO6otw=="],

    "@types/d3-color": ["@types/d3-color@3.1.3", "", {}, "sha512-iO90scth9WAbmgv7ogoq57O9YpKmFBbmoEoCHDB2xMBY0+/KVrqAaCDyCE16dUspeOvIxFFRI+0sEtqDqy2b4A=="],

    "@types/d3-ease": ["@types/d3-ease@3.0.2", "", {}, "sha512-NcV1JjO5oDzoK26oMzbILE6HW7uVXOHLQvHshBUW4UMdZGfiY6v5BeQwh9a9tCzv+CeefZQHJt5SRgK154RtiA=="],

    "@types/d3-interpolate": ["@types/d3-interpolate@3.0.4", "", { "dependencies": { "@types/d3-color": "*" } }, "sha512-mgLPETlrpVV1YRJIglr4Ez47g7Yxjl1lj7YKsiMCb27VJH9W8NVM6Bb9d8kkpG/uAQS5AmbA48q2IAolKKo1MA=="],

    "@types/d3-path": ["@types/d3-path@3.1.1", "", {}, "sha512-VMZBYyQvbGmWyWVea0EHs/BwLgxc+MKi1zLDCONksozI4YJMcTt8ZEuIR4Sb1MMTE8MMW49v0IwI5+b7RmfWlg=="],

    "@types/d3-scale": ["@types/d3-scale@4.0.9", "", { "dependencies": { "@types/d3-time": "*" } }, "sha512-dLmtwB8zkAeO/juAMfnV+sItKjlsw2lKdZVVy6LRr0cBmegxSABiLEpGVmSJJ8O08i4+sGR6qQtb6WtuwJdvVw=="],

    "@types/d3-shape": ["@types/d3-shape@3.1.8", "", { "dependencies": { "@types/d3-path": "*" } }, "sha512-lae0iWfcDeR7qt7rA88BNiqdvPS5pFVPpo5OfjElwNaT2yyekbM0C9vK+yqBqEmHr6lDkRnYNoTBYlAgJa7a4w=="],

    "@types/d3-time": ["@types/d3-time@3.0.4", "", {}, "sha512-yuzZug1nkAAaBlBBikKZTgzCeA+k1uy4ZFwWANOfKw5z5LRhV0gNA7gNkKm7HoK+HRN0wX3EkxGk0fpbWhmB7g=="],

    "@types/d3-timer": ["@types/d3-timer@3.0.2", "", {}, "sha512-Ps3T8E8dZDam6fUyNiMkekK3XUsaUEik+idO9/YjPtfj2qruF8tFBXS7XhtE4iIXBLxhmLjP3SXpLhVf21I9Lw=="],

    "@types/json-schema": ["@types/json-schema@7.0.15", "", {}, "sha512-5+fP8P8MFNC+AyZCDxrB2pkZFPGzqQWUzpSeuuVLvm8VMcorNYavBqoFcxK8bQz4Qsbn4oUEEem4wDLfcysGHA=="],

    "@types/node": ["@types/node@25.3.5", "", { "dependencies": { "undici-types": "~7.18.0" } }, "sha512-oX8xrhvpiyRCQkG1MFchB09f+cXftgIXb3a7UUa4Y3wpmZPw5tyZGTLWhlESOLq1Rq6oDlc8npVU2/9xiCuXMA=="],

    "@types/pg": ["@types/pg@8.18.0", "", { "dependencies": { "@types/node": "*", "pg-protocol": "*", "pg-types": "^2.2.0" } }, "sha512-gT+oueVQkqnj6ajGJXblFR4iavIXWsGAFCk3dP4Kki5+a9R4NMt0JARdk6s8cUKcfUoqP5dAtDSLU8xYUTFV+Q=="],

    "@types/use-sync-external-store": ["@types/use-sync-external-store@0.0.6", "", {}, "sha512-zFDAD+tlpf2r4asuHEj0XH6pY6i0g5NeAHPn+15wk3BV6JA69eERFXC1gyGThDkVa1zCyKr5jox1+2LbV/AMLg=="],

    "bun-types": ["bun-types@1.3.10", "", { "dependencies": { "@types/node": "*" } }, "sha512-tcpfCCl6XWo6nCVnpcVrxQ+9AYN1iqMIzgrSKYMB/fjLtV2eyAVEg7AxQJuCq/26R6HpKWykQXuSOq/21RYcbg=="],

    "class-variance-authority": ["class-variance-authority@0.7.1", "", { "dependencies": { "clsx": "^2.1.1" } }, "sha512-Ka+9Trutv7G8M6WT6SeiRWz792K5qEqIGEGzXKhAE6xOWAY6pPH8U+9IY3oCMv6kqTmLsv7Xh/2w2RigkePMsg=="],

    "clsx": ["clsx@2.1.1", "", {}, "sha512-eYm0QWBtUrBWZWG0d386OGAw16Z995PiOVo2B7bjWSbHedGl5e0ZWaq65kOGgUSNesEIDkB9ISbTg/JK9dhCZA=="],

    "cookie-es": ["cookie-es@2.0.0", "", {}, "sha512-RAj4E421UYRgqokKUmotqAwuplYw15qtdXfY+hGzgCJ/MBjCVZcSoHK/kH9kocfjRjcDME7IiDWR/1WX1TM2Pg=="],

    "d3-array": ["d3-array@3.2.4", "", { "dependencies": { "internmap": "1 - 2" } }, "sha512-tdQAmyA18i4J7wprpYq8ClcxZy3SC31QMeByyCFyRt7BVHdREQZ5lpzoe5mFEYZUWe+oq8HBvk9JjpibyEV4Jg=="],

    "d3-color": ["d3-color@3.1.0", "", {}, "sha512-zg/chbXyeBtMQ1LbD/WSoW2DpC3I0mpmPdW+ynRTj/x2DAWYrIY7qeZIHidozwV24m4iavr15lNwIwLxRmOxhA=="],

    "d3-ease": ["d3-ease@3.0.1", "", {}, "sha512-wR/XK3D3XcLIZwpbvQwQ5fK+8Ykds1ip7A2Txe0yxncXSdq1L9skcG7blcedkOX+ZcgxGAmLX1FrRGbADwzi0w=="],

    "d3-format": ["d3-format@3.1.2", "", {}, "sha512-AJDdYOdnyRDV5b6ArilzCPPwc1ejkHcoyFarqlPqT7zRYjhavcT3uSrqcMvsgh2CgoPbK3RCwyHaVyxYcP2Arg=="],

    "d3-interpolate": ["d3-interpolate@3.0.1", "", { "dependencies": { "d3-color": "1 - 3" } }, "sha512-3bYs1rOD33uo8aqJfKP3JWPAibgw8Zm2+L9vBKEHJ2Rg+viTR7o5Mmv5mZcieN+FRYaAOWX5SJATX6k1PWz72g=="],

    "d3-path": ["d3-path@3.1.0", "", {}, "sha512-p3KP5HCf/bvjBSSKuXid6Zqijx7wIfNW+J/maPs+iwR35at5JCbLUT0LzF1cnjbCHWhqzQTIN2Jpe8pRebIEFQ=="],

    "d3-scale": ["d3-scale@4.0.2", "", { "dependencies": { "d3-array": "2.10.0 - 3", "d3-format": "1 - 3", "d3-interpolate": "1.2.0 - 3", "d3-time": "2.1.1 - 3", "d3-time-format": "2 - 4" } }, "sha512-GZW464g1SH7ag3Y7hXjf8RoUuAFIqklOAq3MRl4OaWabTFJY9PN/E1YklhXLh+OQ3fM9yS2nOkCoS+WLZ6kvxQ=="],

    "d3-shape": ["d3-shape@3.2.0", "", { "dependencies": { "d3-path": "^3.1.0" } }, "sha512-SaLBuwGm3MOViRq2ABk3eLoxwZELpH6zhl3FbAoJ7Vm1gofKx6El1Ib5z23NUEhF9AsGl7y+dzLe5Cw2AArGTA=="],

    "d3-time": ["d3-time@3.1.0", "", { "dependencies": { "d3-array": "2 - 3" } }, "sha512-VqKjzBLejbSMT4IgbmVgDjpkYrNWUYJnbCGo874u7MMKIWsILRX+OpX/gTk8MqjpT1A/c6HY2dCA77ZN0lkQ2Q=="],

    "d3-time-format": ["d3-time-format@4.1.0", "", { "dependencies": { "d3-time": "1 - 3" } }, "sha512-dJxPBlzC7NugB2PDLwo9Q8JiTR3M3e4/XANkreKSUxF8vvXKqm1Yfq4Q5dl8budlunRVlUUaDUgFt7eA8D6NLg=="],

    "d3-timer": ["d3-timer@3.0.1", "", {}, "sha512-ndfJ/JxxMd3nw31uyKoY2naivF+r29V+Lc0svZxe1JvvIRmi8hUsrMvdOwgS1o6uBHmiz91geQ0ylPP0aj1VUA=="],

    "decimal.js-light": ["decimal.js-light@2.5.1", "", {}, "sha512-qIMFpTMZmny+MMIitAB6D7iVPEorVw6YQRWkvarTkT4tBeSLLiHzcwj6q0MmYSFCiVpiqPJTJEYIrpcPzVEIvg=="],

    "es-toolkit": ["es-toolkit@1.45.1", "", {}, "sha512-/jhoOj/Fx+A+IIyDNOvO3TItGmlMKhtX8ISAHKE90c4b/k1tqaqEZ+uUqfpU8DMnW5cgNJv606zS55jGvza0Xw=="],

    "eventemitter3": ["eventemitter3@5.0.4", "", {}, "sha512-mlsTRyGaPBjPedk6Bvw+aqbsXDtoAyAzm5MO7JgU+yVRyMQ5O8bD4Kcci7BS85f93veegeCPkL8R4GLClnjLFw=="],

    "hono": ["hono@4.12.5", "", {}, "sha512-3qq+FUBtlTHhtYxbxheZgY8NIFnkkC/MR8u5TTsr7YZ3wixryQ3cCwn3iZbg8p8B88iDBBAYSfZDS75t8MN7Vg=="],

    "hono-openapi": ["hono-openapi@1.3.0", "", { "peerDependencies": { "@hono/standard-validator": "^0.2.0", "@standard-community/standard-json": "^0.3.5", "@standard-community/standard-openapi": "^0.2.9", "@types/json-schema": "^7.0.15", "hono": "^4.8.3", "openapi-types": "^12.1.3" }, "optionalPeers": ["@hono/standard-validator", "hono"] }, "sha512-xDvCWpWEIv0weEmnl3EjRQzqbHIO8LnfzMuYOCmbuyE5aes6aXxLg4vM3ybnoZD5TiTUkA6PuRQPJs3R7WRBig=="],

    "immer": ["immer@10.2.0", "", {}, "sha512-d/+XTN3zfODyjr89gM3mPq1WNX2B8pYsu7eORitdwyA2sBubnTl3laYlBk4sXY5FUa5qTZGBDPJICVbvqzjlbw=="],

    "internmap": ["internmap@2.0.3", "", {}, "sha512-5Hh7Y1wQbvY5ooGgPbDaL5iYLAPzMTUrjMulskHLH6wnv/A+1q5rgEaiuqEjB+oxGXIVZs1FF+R/KPN3ZSQYYg=="],

    "isbot": ["isbot@5.1.35", "", {}, "sha512-waFfC72ZNfwLLuJ2iLaoVaqcNo+CAaLR7xCpAn0Y5WfGzkNHv7ZN39Vbi1y+kb+Zs46XHOX3tZNExroFUPX+Kg=="],

    "kysely": ["kysely@0.28.11", "", {}, "sha512-zpGIFg0HuoC893rIjYX1BETkVWdDnzTzF5e0kWXJFg5lE0k1/LfNWBejrcnOFu8Q2Rfq/hTDTU7XLUM8QOrpzg=="],

    "lucide-react": ["lucide-react@0.575.0", "", { "peerDependencies": { "react": "^16.5.1 || ^17.0.0 || ^18.0.0 || ^19.0.0" } }, "sha512-VuXgKZrk0uiDlWjGGXmKV6MSk9Yy4l10qgVvzGn2AWBx1Ylt0iBexKOAoA6I7JO3m+M9oeovJd3yYENfkUbOeg=="],

    "openapi-fetch": ["openapi-fetch@0.17.0", "", { "dependencies": { "openapi-typescript-helpers": "^0.1.0" } }, "sha512-PsbZR1wAPcG91eEthKhN+Zn92FMHxv+/faECIwjXdxfTODGSGegYv0sc1Olz+HYPvKOuoXfp+0pA2XVt2cI0Ig=="],

    "openapi-types": ["openapi-types@12.1.3", "", {}, "sha512-N4YtSYJqghVu4iek2ZUvcN/0aqH1kRDuNqzcycDxhOUpg7GdvLa2F3DgS6yBNhInhv2r/6I0Flkn7CqL8+nIcw=="],

    "openapi-typescript-helpers": ["openapi-typescript-helpers@0.1.0", "", {}, "sha512-OKTGPthhivLw/fHz6c3OPtg72vi86qaMlqbJuVJ23qOvQ+53uw1n7HdmkJFibloF7QEjDrDkzJiOJuockM/ljw=="],

    "pg": ["pg@8.20.0", "", { "dependencies": { "pg-connection-string": "^2.12.0", "pg-pool": "^3.13.0", "pg-protocol": "^1.13.0", "pg-types": "2.2.0", "pgpass": "1.0.5" }, "optionalDependencies": { "pg-cloudflare": "^1.3.0" }, "peerDependencies": { "pg-native": ">=3.0.1" }, "optionalPeers": ["pg-native"] }, "sha512-ldhMxz2r8fl/6QkXnBD3CR9/xg694oT6DZQ2s6c/RI28OjtSOpxnPrUCGOBJ46RCUxcWdx3p6kw/xnDHjKvaRA=="],

    "pg-cloudflare": ["pg-cloudflare@1.3.0", "", {}, "sha512-6lswVVSztmHiRtD6I8hw4qP/nDm1EJbKMRhf3HCYaqud7frGysPv7FYJ5noZQdhQtN2xJnimfMtvQq21pdbzyQ=="],

    "pg-connection-string": ["pg-connection-string@2.12.0", "", {}, "sha512-U7qg+bpswf3Cs5xLzRqbXbQl85ng0mfSV/J0nnA31MCLgvEaAo7CIhmeyrmJpOr7o+zm0rXK+hNnT5l9RHkCkQ=="],

    "pg-int8": ["pg-int8@1.0.1", "", {}, "sha512-WCtabS6t3c8SkpDBUlb1kjOs7l66xsGdKpIPZsg4wR+B3+u9UAum2odSsF9tnvxg80h4ZxLWMy4pRjOsFIqQpw=="],

    "pg-pool": ["pg-pool@3.13.0", "", { "peerDependencies": { "pg": ">=8.0" } }, "sha512-gB+R+Xud1gLFuRD/QgOIgGOBE2KCQPaPwkzBBGC9oG69pHTkhQeIuejVIk3/cnDyX39av2AxomQiyPT13WKHQA=="],

    "pg-protocol": ["pg-protocol@1.13.0", "", {}, "sha512-zzdvXfS6v89r6v7OcFCHfHlyG/wvry1ALxZo4LqgUoy7W9xhBDMaqOuMiF3qEV45VqsN6rdlcehHrfDtlCPc8w=="],

    "pg-types": ["pg-types@2.2.0", "", { "dependencies": { "pg-int8": "1.0.1", "postgres-array": "~2.0.0", "postgres-bytea": "~1.0.0", "postgres-date": "~1.0.4", "postgres-interval": "^1.1.0" } }, "sha512-qTAAlrEsl8s4OiEQY69wDvcMIdQN6wdz5ojQiOy6YRMuynxenON0O5oCpJI6lshc6scgAY8qvJ2On/p+CXY0GA=="],

    "pgpass": ["pgpass@1.0.5", "", { "dependencies": { "split2": "^4.1.0" } }, "sha512-FdW9r/jQZhSeohs1Z3sI1yxFQNFvMcnmfuj4WBMUTxOrAyLMaTcE1aAMBiTlbMNaXvBCQuVi0R7hd8udDSP7ug=="],

    "postgres-array": ["postgres-array@2.0.0", "", {}, "sha512-VpZrUqU5A69eQyW2c5CA1jtLecCsN2U/bD6VilrFDWq5+5UIEVO7nazS3TEcHf1zuPYO/sqGvUvW62g86RXZuA=="],

    "postgres-bytea": ["postgres-bytea@1.0.1", "", {}, "sha512-5+5HqXnsZPE65IJZSMkZtURARZelel2oXUEO8rH83VS/hxH5vv1uHquPg5wZs8yMAfdv971IU+kcPUczi7NVBQ=="],

    "postgres-date": ["postgres-date@1.0.7", "", {}, "sha512-suDmjLVQg78nMK2UZ454hAG+OAW+HQPZ6n++TNDUX+L0+uUlLywnoxJKDou51Zm+zTCjrCl0Nq6J9C5hP9vK/Q=="],

    "postgres-interval": ["postgres-interval@1.2.0", "", { "dependencies": { "xtend": "^4.0.0" } }, "sha512-9ZhXKM/rw350N1ovuWHbGxnGh/SNJ4cnxHiM0rxE4VN41wsg8P8zWn9hv/buK00RP4WvlOyr/RBDiptyxVbkZQ=="],

    "quansync": ["quansync@0.2.11", "", {}, "sha512-AifT7QEbW9Nri4tAwR5M/uzpBuqfZf+zwaEM/QkzEjj7NBuFD2rBuy0K3dE+8wltbezDV7JMA0WfnCPYRSYbXA=="],

    "react": ["react@19.2.4", "", {}, "sha512-9nfp2hYpCwOjAN+8TZFGhtWEwgvWHXqESH8qT89AT/lWklpLON22Lc8pEtnpsZz7VmawabSU0gCjnj8aC0euHQ=="],

    "react-dom": ["react-dom@19.2.4", "", { "dependencies": { "scheduler": "^0.27.0" }, "peerDependencies": { "react": "^19.2.4" } }, "sha512-AXJdLo8kgMbimY95O2aKQqsz2iWi9jMgKJhRBAxECE4IFxfcazB2LmzloIoibJI3C12IlY20+KFaLv+71bUJeQ=="],

    "react-is": ["react-is@19.2.4", "", {}, "sha512-W+EWGn2v0ApPKgKKCy/7s7WHXkboGcsrXE+2joLyVxkbyVQfO3MUEaUQDHoSmb8TFFrSKYa9mw64WZHNHSDzYA=="],

    "react-redux": ["react-redux@9.2.0", "", { "dependencies": { "@types/use-sync-external-store": "^0.0.6", "use-sync-external-store": "^1.4.0" }, "peerDependencies": { "@types/react": "^18.2.25 || ^19", "react": "^18.0 || ^19", "redux": "^5.0.0" }, "optionalPeers": ["@types/react", "redux"] }, "sha512-ROY9fvHhwOD9ySfrF0wmvu//bKCQ6AeZZq1nJNtbDC+kk5DuSuNX/n6YWYF/SYy7bSba4D4FSz8DJeKY/S/r+g=="],

    "recharts": ["recharts@3.8.0", "", { "dependencies": { "@reduxjs/toolkit": "^1.9.0 || 2.x.x", "clsx": "^2.1.1", "decimal.js-light": "^2.5.1", "es-toolkit": "^1.39.3", "eventemitter3": "^5.0.1", "immer": "^10.1.1", "react-redux": "8.x.x || 9.x.x", "reselect": "5.1.1", "tiny-invariant": "^1.3.3", "use-sync-external-store": "^1.2.2", "victory-vendor": "^37.0.2" }, "peerDependencies": { "react": "^16.8.0 || ^17.0.0 || ^18.0.0 || ^19.0.0", "react-dom": "^16.0.0 || ^17.0.0 || ^18.0.0 || ^19.0.0", "react-is": "^16.8.0 || ^17.0.0 || ^18.0.0 || ^19.0.0" } }, "sha512-Z/m38DX3L73ExO4Tpc9/iZWHmHnlzWG4njQbxsF5aSjwqmHNDDIm0rdEBArkwsBvR8U6EirlEHiQNYWCVh9sGQ=="],

    "redux": ["redux@5.0.1", "", {}, "sha512-M9/ELqF6fy8FwmkpnF0S3YKOqMyoWJ4+CS5Efg2ct3oY9daQvd/Pc71FpGZsVsbl3Cpb+IIcjBDUnnyBdQbq4w=="],

    "redux-thunk": ["redux-thunk@3.1.0", "", { "peerDependencies": { "redux": "^5.0.0" } }, "sha512-NW2r5T6ksUKXCabzhL9z+h206HQw/NJkcLm1GPImRQ8IzfXwRGqjVhKJGauHirT0DAuyy6hjdnMZaRoAcy0Klw=="],

    "reselect": ["reselect@5.1.1", "", {}, "sha512-K/BG6eIky/SBpzfHZv/dd+9JBFiS4SWV7FIujVyJRux6e45+73RaUHXLmIR1f7WOMaQ0U1km6qwklRQxpJJY0w=="],

    "scheduler": ["scheduler@0.27.0", "", {}, "sha512-eNv+WrVbKu1f3vbYJT/xtiF5syA5HPIMtf9IgY/nKg0sWqzAUEvqY/xm7OcZc/qafLx/iO9FgOmeSAp4v5ti/Q=="],

    "seroval": ["seroval@1.5.0", "", {}, "sha512-OE4cvmJ1uSPrKorFIH9/w/Qwuvi/IMcGbv5RKgcJ/zjA/IohDLU6SVaxFN9FwajbP7nsX0dQqMDes1whk3y+yw=="],

    "seroval-plugins": ["seroval-plugins@1.5.0", "", { "peerDependencies": { "seroval": "^1.0" } }, "sha512-EAHqADIQondwRZIdeW2I636zgsODzoBDwb3PT/+7TLDWyw1Dy/Xv7iGUIEXXav7usHDE9HVhOU61irI3EnyyHA=="],

    "split2": ["split2@4.2.0", "", {}, "sha512-UcjcJOWknrNkF6PLX83qcHM6KHgVKNkV62Y8a5uYDVv9ydGQVwAHMKqHdJje1VTWpljG0WYpCDhrCdAOYH4TWg=="],

    "tabbable": ["tabbable@6.4.0", "", {}, "sha512-05PUHKSNE8ou2dwIxTngl4EzcnsCDZGJ/iCLtDflR/SHB/ny14rXc+qU5P4mG9JkusiV7EivzY9Mhm55AzAvCg=="],

    "tailwind-merge": ["tailwind-merge@3.5.0", "", {}, "sha512-I8K9wewnVDkL1NTGoqWmVEIlUcB9gFriAEkXkfCjX5ib8ezGxtR3xD7iZIxrfArjEsH7F1CHD4RFUtxefdqV/A=="],

    "tailwindcss": ["tailwindcss@4.2.1", "", {}, "sha512-/tBrSQ36vCleJkAOsy9kbNTgaxvGbyOamC30PRePTQe/o1MFwEKHQk4Cn7BNGaPtjp+PuUrByJehM1hgxfq4sw=="],

    "tiny-invariant": ["tiny-invariant@1.3.3", "", {}, "sha512-+FbBPE1o9QAYvviau/qC5SE3caw21q3xkvWKBtja5vgqOWIHHJ3ioaq1VPfn/Szqctz2bU/oYeKd9/z5BL+PVg=="],

    "tiny-warning": ["tiny-warning@1.0.3", "", {}, "sha512-lBN9zLN/oAf68o3zNXYrdCt1kP8WsiGW8Oo2ka41b2IM5JL/S1CTyX1rW0mb/zSuJun0ZUrDxx4sqvYS2FWzPA=="],

    "typescript": ["typescript@5.9.3", "", { "bin": { "tsc": "bin/tsc", "tsserver": "bin/tsserver" } }, "sha512-jl1vZzPDinLr9eUt3J/t7V6FgNEw9QjvBPdysz9KfQDD41fQrC2Y4vKQdiaUpFT4bXlb1RHhLpp8wtm6M5TgSw=="],

    "undici-types": ["undici-types@7.18.2", "", {}, "sha512-AsuCzffGHJybSaRrmr5eHr81mwJU3kjw6M+uprWvCXiNeN9SOGwQ3Jn8jb8m3Z6izVgknn1R0FTCEAP2QrLY/w=="],

    "use-sync-external-store": ["use-sync-external-store@1.6.0", "", { "peerDependencies": { "react": "^16.8.0 || ^17.0.0 || ^18.0.0 || ^19.0.0" } }, "sha512-Pp6GSwGP/NrPIrxVFAIkOQeyw8lFenOHijQWkUTrDvrF4ALqylP2C/KCkeS9dpUM3KvYRQhna5vt7IL95+ZQ9w=="],

    "victory-vendor": ["victory-vendor@37.3.6", "", { "dependencies": { "@types/d3-array": "^3.0.3", "@types/d3-ease": "^3.0.0", "@types/d3-interpolate": "^3.0.1", "@types/d3-scale": "^4.0.2", "@types/d3-shape": "^3.1.0", "@types/d3-time": "^3.0.0", "@types/d3-timer": "^3.0.0", "d3-array": "^3.1.6", "d3-ease": "^3.0.1", "d3-interpolate": "^3.0.1", "d3-scale": "^4.0.2", "d3-shape": "^3.1.0", "d3-time": "^3.0.0", "d3-timer": "^3.0.1" } }, "sha512-SbPDPdDBYp+5MJHhBCAyI7wKM3d5ivekigc2Dk2s7pgbZ9wIgIBYGVw4zGHBml/qTFbexrofXW6Gu4noGxrOwQ=="],

    "xtend": ["xtend@4.0.2", "", {}, "sha512-LKYU1iAXJXUgAXn9URjiu+MWhyUXHsvfp7mcuYm9dSUKK0/CjtrUwFAxD82/mCWbtLsGjFIad0wIsod4zrTAEQ=="],

    "zod": ["zod@4.3.6", "", {}, "sha512-rftlrkhHZOcjDwkGlnUtZZkvaPHCsDATp4pGpuOOMDaTdDDXF91wuVDJoWoPsKX/3YPQ5fHuF3STjcYyKr+Qhg=="],

    "@reduxjs/toolkit/immer": ["immer@11.1.4", "", {}, "sha512-XREFCPo6ksxVzP4E0ekD5aMdf8WMwmdNaz6vuvxgI40UaEiu6q3p8X52aU6GdyvLY3XXX/8R7JOTXStz/nBbRw=="],
  }
}
